# THIS IS AN AUTOGENERATED FILE. DO NOT EDIT THIS FILE DIRECTLY.
# yarn lockfile v1


babel-runtime@6.x.x:
  version "6.23.0"
  resolved "http://registry.npm.taobao.org/babel-runtime/download/babel-runtime-6.23.0.tgz#0a9489f144de70efb3ce4300accdb329e2fc543b"
  dependencies:
    core-js "^2.4.0"
    regenerator-runtime "^0.10.0"

base-64@^0.1.0:
  version "0.1.0"
  resolved "http://registry.npm.taobao.org/base-64/download/base-64-0.1.0.tgz#780a99c84e7d600260361511c4877613bf24f6bb"

core-js@^2.4.0:
  version "2.4.1"
  resolved "http://registry.npm.taobao.org/core-js/download/core-js-2.4.1.tgz#4de911e667b0eae9124e34254b53aea6fc618d3e"

crypto-js@^3.1.6:
  version "3.1.8"
  resolved "http://registry.npm.taobao.org/crypto-js/download/crypto-js-3.1.8.tgz#715f070bf6014f2ae992a98b3929258b713f08d5"

ejson@^2.1.2:
  version "2.1.2"
  resolved "http://registry.npm.taobao.org/ejson/download/ejson-2.1.2.tgz#0eed4055bc7e0e7561fe59e8c320edc3ff8ce7df"
  dependencies:
    underscore "1.8.x"

eventemitter3@^1.1.0:
  version "1.2.0"
  resolved "http://registry.npm.taobao.org/eventemitter3/download/eventemitter3-1.2.0.tgz#1c86991d816ad1e504750e73874224ecf3bec508"

hoist-non-react-statics@1.x.x:
  version "1.2.0"
  resolved "http://registry.npm.taobao.org/hoist-non-react-statics/download/hoist-non-react-statics-1.2.0.tgz#aa448cf0986d55cc40773b17174b7dd066cb7cfb"

invariant@2.x.x, invariant@^2.1.1:
  version "2.2.2"
  resolved "http://registry.npm.taobao.org/invariant/download/invariant-2.2.2.tgz#9e1f56ac0acdb6bf303306f338be3b204ae60360"
  dependencies:
    loose-envify "^1.0.0"

js-tokens@^3.0.0:
  version "3.0.1"
  resolved "http://registry.npm.taobao.org/js-tokens/download/js-tokens-3.0.1.tgz#08e9f132484a2c45a30907e9dc4d5567b7f114d7"

lodash._getnative@^3.0.0:
  version "3.9.1"
  resolved "http://registry.npm.taobao.org/lodash._getnative/download/lodash._getnative-3.9.1.tgz#570bc7dede46d61cdcde687d65d3eecbaa3aaff5"

lodash.isarguments@^3.0.0:
  version "3.1.0"
  resolved "http://registry.npm.taobao.org/lodash.isarguments/download/lodash.isarguments-3.1.0.tgz#2f573d85c6a24289ff00663b491c1d338ff3458a"

lodash.isarray@^3.0.0:
  version "3.0.4"
  resolved "http://registry.npm.taobao.org/lodash.isarray/download/lodash.isarray-3.0.4.tgz#79e4eb88c36a8122af86f844aa9bcd851b5fbb55"

lodash.keys@^3.1.2:
  version "3.1.2"
  resolved "http://registry.npm.taobao.org/lodash.keys/download/lodash.keys-3.1.2.tgz#4dbc0472b156be50a0b286855d1bd0b0c656098a"
  dependencies:
    lodash._getnative "^3.0.0"
    lodash.isarguments "^3.0.0"
    lodash.isarray "^3.0.0"

lodash@~2.4.1:
  version "2.4.2"
  resolved "http://registry.npm.taobao.org/lodash/download/lodash-2.4.2.tgz#fadd834b9683073da179b3eae6d9c0d15053f73e"

loose-envify@^1.0.0:
  version "1.3.1"
  resolved "http://registry.npm.taobao.org/loose-envify/download/loose-envify-1.3.1.tgz#d1a8ad33fa9ce0e713d65fdd0ac8b748d478c848"
  dependencies:
    js-tokens "^3.0.0"

minimongo-cache@0.0.48:
  version "0.0.48"
  resolved "http://registry.npm.taobao.org/minimongo-cache/download/minimongo-cache-0.0.48.tgz#a6fbb78b6627554249afeefc1243cf7cba6bea07"
  dependencies:
    eventemitter3 "^1.1.0"
    invariant "^2.1.1"
    lodash "~2.4.1"

mobx@^2.3.4:
  version "2.7.0"
  resolved "http://registry.npm.taobao.org/mobx/download/mobx-2.7.0.tgz#cf3d82d18c0ca7f458d8f2a240817b3dc7e54a01"

object-assign@^4.0.1:
  version "4.1.1"
  resolved "http://registry.npm.taobao.org/object-assign/download/object-assign-4.1.1.tgz#2109adc7965887cfc05cbbd442cac8bfbb360863"

performance-now@~0.2.0:
  version "0.2.0"
  resolved "http://registry.npm.taobao.org/performance-now/download/performance-now-0.2.0.tgz#33ef30c5c77d4ea21c5a53869d91b56d8f2555e5"

raf@~3.1.0:
  version "3.1.0"
  resolved "http://registry.npm.taobao.org/raf/download/raf-3.1.0.tgz#5d84bf81b57f979f8c492be08378c538bb4eecfc"
  dependencies:
    performance-now "~0.2.0"

react-komposer@^1.8.0:
  version "1.13.1"
  resolved "http://registry.npm.taobao.org/react-komposer/download/react-komposer-1.13.1.tgz#4b8ac4bcc71323bd7413dcab95c831197f50eed0"
  dependencies:
    babel-runtime "6.x.x"
    hoist-non-react-statics "1.x.x"
    invariant "2.x.x"
    mobx "^2.3.4"
    shallowequal "0.2.x"

react-mixin@^3.0.3:
  version "3.0.5"
  resolved "http://registry.npm.taobao.org/react-mixin/download/react-mixin-3.0.5.tgz#e0b7b6713fdc9ddc429267df808b6ac5184c6706"
  dependencies:
    object-assign "^4.0.1"
    smart-mixin "^2.0.0"

regenerator-runtime@^0.10.0:
  version "0.10.3"
  resolved "http://registry.npm.taobao.org/regenerator-runtime/download/regenerator-runtime-0.10.3.tgz#8c4367a904b51ea62a908ac310bf99ff90a82a3e"

shallowequal@0.2.x:
  version "0.2.2"
  resolved "http://registry.npm.taobao.org/shallowequal/download/shallowequal-0.2.2.tgz#1e32fd5bcab6ad688a4812cb0cc04efc75c7014e"
  dependencies:
    lodash.keys "^3.1.2"

smart-mixin@^2.0.0:
  version "2.0.0"
  resolved "http://registry.npm.taobao.org/smart-mixin/download/smart-mixin-2.0.0.tgz#a34a1055e32a75b30d2b4e3ca323dc99cb53f437"

trackr@^2.0.2:
  version "2.0.2"
  resolved "http://registry.npm.taobao.org/trackr/download/trackr-2.0.2.tgz#ee38b13b580b30df5e8e0270d1cf3d0212c4745e"
  dependencies:
    raf "~3.1.0"

underscore@1.8.x, underscore@^1.8.3:
  version "1.8.3"
  resolved "http://registry.npm.taobao.org/underscore/download/underscore-1.8.3.tgz#4f3fb53b106e6097fcf9cb4109f2a5e9bdfa5022"

wolfy87-eventemitter@^4.3.0:
  version "4.3.0"
  resolved "http://registry.npm.taobao.org/wolfy87-eventemitter/download/wolfy87-eventemitter-4.3.0.tgz#6497396c95e74359f06b6e35409339318d8d964f"
